
Microsoft Visual Studio Solution File, Format Version 12.00
# Visual Studio Version 16
VisualStudioVersion = 25.0.1704.2
MinimumVisualStudioVersion = 10.0.40219.1
Project("{FAE04EC0-301F-11D3-BF4B-00C04F79EFBC}") = "learningC-", "learningC-\learningC-.csproj", "{89DAD837-8E4A-4822-AD05-4DDCC739625A}"
EndProject
Global
	GlobalSection(SolutionConfigurationPlatforms) = preSolution
		Debug|Any CPU = Debug|Any CPU
		Release|Any CPU = Release|Any CPU
	EndGlobalSection
	GlobalSection(ProjectConfigurationPlatforms) = postSolution
		{89DAD837-8E4A-4822-AD05-4DDCC739625A}.Debug|Any CPU.ActiveCfg = Debug|Any CPU
		{89DAD837-8E4A-4822-AD05-4DDCC739625A}.Debug|Any CPU.Build.0 = Debug|Any CPU
		{89DAD837-8E4A-4822-AD05-4DDCC739625A}.Release|Any CPU.ActiveCfg = Release|Any CPU
		{89DAD837-8E4A-4822-AD05-4DDCC739625A}.Release|Any CPU.Build.0 = Release|Any CPU
	EndGlobalSection
	GlobalSection(SolutionProperties) = preSolution
		HideSolutionNode = FALSE
	EndGlobalSection
	GlobalSection(ExtensibilityGlobals) = postSolution
		SolutionGuid = {DF557CC5-265A-4663-BD91-B7CDA3823D18}
	EndGlobalSection
EndGlobal
